
Microsoft Visual Studio Solution File, Format Version 12.00
# Visual Studio 15
VisualStudioVersion = 15.0.27703.2000
MinimumVisualStudioVersion = 10.0.40219.1
Project("{FAE04EC0-301F-11D3-BF4B-00C04F79EFBC}") = "AdoDbContext", "AdoDbContext\AdoDbContext.csproj", "{5D03F428-44C1-4DF8-918A-48F7BB680DB2}"
EndProject
Project("{FAE04EC0-301F-11D3-BF4B-00C04F79EFBC}") = "PlanesExample", "PlanesExample\PlanesExample.csproj", "{77207944-93DE-4A64-9287-50A7B7423743}"
EndProject
Global
	GlobalSection(SolutionConfigurationPlatforms) = preSolution
		Debug|Any CPU = Debug|Any CPU
		Release|Any CPU = Release|Any CPU
	EndGlobalSection
	GlobalSection(ProjectConfigurationPlatforms) = postSolution
		{5D03F428-44C1-4DF8-918A-48F7BB680DB2}.Debug|Any CPU.ActiveCfg = Debug|Any CPU
		{5D03F428-44C1-4DF8-918A-48F7BB680DB2}.Debug|Any CPU.Build.0 = Debug|Any CPU
		{5D03F428-44C1-4DF8-918A-48F7BB680DB2}.Release|Any CPU.ActiveCfg = Release|Any CPU
		{5D03F428-44C1-4DF8-918A-48F7BB680DB2}.Release|Any CPU.Build.0 = Release|Any CPU
		{77207944-93DE-4A64-9287-50A7B7423743}.Debug|Any CPU.ActiveCfg = Debug|Any CPU
		{77207944-93DE-4A64-9287-50A7B7423743}.Debug|Any CPU.Build.0 = Debug|Any CPU
		{77207944-93DE-4A64-9287-50A7B7423743}.Release|Any CPU.ActiveCfg = Release|Any CPU
		{77207944-93DE-4A64-9287-50A7B7423743}.Release|Any CPU.Build.0 = Release|Any CPU
	EndGlobalSection
	GlobalSection(SolutionProperties) = preSolution
		HideSolutionNode = FALSE
	EndGlobalSection
	GlobalSection(ExtensibilityGlobals) = postSolution
		SolutionGuid = {0C53FB6D-2FF8-4B79-9ADD-93C792753FE0}
	EndGlobalSection
EndGlobal
